Microsoft Visual Studio Solution File, Format Version 12.00
# Visual Studio Version 17
VisualStudioVersion = 17.0.31903.59
MinimumVisualStudioVersion = 10.0.40219.1
Project("{FAE04EC0-301F-11D3-BF4B-00C04F79EFBC}") = "FortuneInternalData.Web", "src/FortuneInternalData.Web/FortuneInternalData.Web.csproj", "{7B0D9C59-5A5D-49B3-BD36-7A548B74D001}"
EndProject
Project("{FAE04EC0-301F-11D3-BF4B-00C04F79EFBC}") = "FortuneInternalData.Application", "src/FortuneInternalData.Application/FortuneInternalData.Application.csproj", "{7B0D9C59-5A5D-49B3-BD36-7A548B74D002}"
EndProject
Project("{FAE04EC0-301F-11D3-BF4B-00C04F79EFBC}") = "FortuneInternalData.Domain", "src/FortuneInternalData.Domain/FortuneInternalData.Domain.csproj", "{7B0D9C59-5A5D-49B3-BD36-7A548B74D003}"
EndProject
Project("{FAE04EC0-301F-11D3-BF4B-00C04F79EFBC}") = "FortuneInternalData.Infrastructure", "src/FortuneInternalData.Infrastructure/FortuneInternalData.Infrastructure.csproj", "{7B0D9C59-5A5D-49B3-BD36-7A548B74D004}"
EndProject
Global
	GlobalSection(SolutionConfigurationPlatforms) = preSolution
		Debug|Any CPU = Debug|Any CPU
		Release|Any CPU = Release|Any CPU
	EndGlobalSection
	GlobalSection(ProjectConfigurationPlatforms) = postSolution
		{7B0D9C59-5A5D-49B3-BD36-7A548B74D001}.Debug|Any CPU.ActiveCfg = Debug|Any CPU
		{7B0D9C59-5A5D-49B3-BD36-7A548B74D001}.Debug|Any CPU.Build.0 = Debug|Any CPU
		{7B0D9C59-5A5D-49B3-BD36-7A548B74D001}.Release|Any CPU.ActiveCfg = Release|Any CPU
		{7B0D9C59-5A5D-49B3-BD36-7A548B74D001}.Release|Any CPU.Build.0 = Release|Any CPU
		{7B0D9C59-5A5D-49B3-BD36-7A548B74D002}.Debug|Any CPU.ActiveCfg = Debug|Any CPU
		{7B0D9C59-5A5D-49B3-BD36-7A548B74D002}.Debug|Any CPU.Build.0 = Debug|Any CPU
		{7B0D9C59-5A5D-49B3-BD36-7A548B74D002}.Release|Any CPU.ActiveCfg = Release|Any CPU
		{7B0D9C59-5A5D-49B3-BD36-7A548B74D002}.Release|Any CPU.Build.0 = Release|Any CPU
		{7B0D9C59-5A5D-49B3-BD36-7A548B74D003}.Debug|Any CPU.ActiveCfg = Debug|Any CPU
		{7B0D9C59-5A5D-49B3-BD36-7A548B74D003}.Debug|Any CPU.Build.0 = Debug|Any CPU
		{7B0D9C59-5A5D-49B3-BD36-7A548B74D003}.Release|Any CPU.ActiveCfg = Release|Any CPU
		{7B0D9C59-5A5D-49B3-BD36-7A548B74D003}.Release|Any CPU.Build.0 = Release|Any CPU
		{7B0D9C59-5A5D-49B3-BD36-7A548B74D004}.Debug|Any CPU.ActiveCfg = Debug|Any CPU
		{7B0D9C59-5A5D-49B3-BD36-7A548B74D004}.Debug|Any CPU.Build.0 = Debug|Any CPU
		{7B0D9C59-5A5D-49B3-BD36-7A548B74D004}.Release|Any CPU.ActiveCfg = Release|Any CPU
		{7B0D9C59-5A5D-49B3-BD36-7A548B74D004}.Release|Any CPU.Build.0 = Release|Any CPU
	EndGlobalSection
	GlobalSection(SolutionProperties) = preSolution
		HideSolutionNode = FALSE
	EndGlobalSection
EndGlobal
